{
  "name": "math-calculate-plugin",
  "version": "0.1.0",
  "lockfileVersion": 3,
  "requires": true,
  "packages": {
    "": {
      "name": "math-calculate-plugin",
      "version": "0.1.0",
      "dependencies": {
        "@streamcore/plugin": "^0.2.0"
      }
    },
    "node_modules/@streamcore/plugin": {
      "version": "0.2.0",
      "resolved": "https://registry.npmjs.org/@streamcore/plugin/-/plugin-0.2.0.tgz",
      "integrity": "sha512-u5qsksi4oSTHncJ89XOQTIzTE01rifDu53fHFjsA6qCDSNtEDEC/+7Zx4Z6yFklCYSFcQzHwdGz9Yr8Nx1Q24Q==",
      "license": "Apache-2.0"
    }
  }
}
