{
  "name": "ai-usage-plugin",
  "version": "0.1.0",
  "lockfileVersion": 3,
  "requires": true,
  "packages": {
    "": {
      "name": "ai-usage-plugin",
      "version": "0.1.0",
      "dependencies": {
        "@streamcore/plugin": "file:../../../../plugin-sdk/typescript"
      }
    },
    "../../../../plugin-sdk/typescript": {
      "name": "@streamcore/plugin",
      "version": "0.1.3",
      "license": "Apache-2.0",
      "devDependencies": {
        "@types/node": "^20.0.0",
        "typescript": "^5.0.0"
      }
    },
    "node_modules/@streamcore/plugin": {
      "resolved": "../../../../plugin-sdk/typescript",
      "link": true
    }
  }
}
