{
  "name": "weather-get-plugin",
  "version": "0.1.0",
  "lockfileVersion": 3,
  "requires": true,
  "packages": {
    "": {
      "name": "weather-get-plugin",
      "version": "0.1.0",
      "dependencies": {
        "@streamcore/plugin": "^0.1.3"
      }
    },
    "node_modules/@streamcore/plugin": {
      "version": "0.1.3",
      "resolved": "https://registry.npmjs.org/@streamcore/plugin/-/plugin-0.1.3.tgz",
      "integrity": "sha512-UGqKQZaZu4S0e48YJiSS6VKp/HO1UnBs74Zh25aTpLnrQ1TaaTg5fiXiH65cvOCTDiAYFAsGgtY9EL9zvS0jAw==",
      "license": "Apache-2.0"
    }
  }
}
